version = 1
requires-python = ">=3.13"

[[package]]
name = "anyio"
version = "4.7.0"
source = { registry = "https://pypi.org/simple" }
dependencies = [
    { name = "idna" },
    { name = "sniffio" },
]
sdist = { url = "https://files.pythonhosted.org/packages/f6/40/318e58f669b1a9e00f5c4453910682e2d9dd594334539c7b7817dabb765f/anyio-4.7.0.tar.gz", hash = "sha256:2f834749c602966b7d456a7567cafcb309f96482b5081d14ac93ccd457f9dd48", size = 177076 }
wheels = [
    { url = "https://files.pythonhosted.org/packages/a0/7a/4daaf3b6c08ad7ceffea4634ec206faeff697526421c20f07628c7372156/anyio-4.7.0-py3-none-any.whl", hash = "sha256:ea60c3723ab42ba6fff7e8ccb0488c898ec538ff4df1f1d5e642c3601d07e352", size = 93052 },
]

[[package]]
name = "asyncer"
version = "0.0.8"
source = { registry = "https://pypi.org/simple" }
dependencies = [
    { name = "anyio" },
]
sdist = { url = "https://files.pythonhosted.org/packages/ff/67/7ea59c3e69eaeee42e7fc91a5be67ca5849c8979acac2b920249760c6af2/asyncer-0.0.8.tar.gz", hash = "sha256:a589d980f57e20efb07ed91d0dbe67f1d2fd343e7142c66d3a099f05c620739c", size = 18217 }
wheels = [
    { url = "https://files.pythonhosted.org/packages/8a/04/15b6ca6b7842eda2748bda0a0af73f2d054e9344320f8bba01f994294bcb/asyncer-0.0.8-py3-none-any.whl", hash = "sha256:5920d48fc99c8f8f0f1576e1882f5022885589c5fcbc46ce4224ec3e53776eeb", size = 9209 },
]

[[package]]
name = "cachetools"
version = "5.5.0"
source = { registry = "https://pypi.org/simple" }
sdist = { url = "https://files.pythonhosted.org/packages/c3/38/a0f315319737ecf45b4319a8cd1f3a908e29d9277b46942263292115eee7/cachetools-5.5.0.tar.gz", hash = "sha256:2cc24fb4cbe39633fb7badd9db9ca6295d766d9c2995f245725a46715d050f2a", size = 27661 }
wheels = [
    { url = "https://files.pythonhosted.org/packages/a4/07/14f8ad37f2d12a5ce41206c21820d8cb6561b728e51fad4530dff0552a67/cachetools-5.5.0-py3-none-any.whl", hash = "sha256:02134e8439cdc2ffb62023ce1debca2944c3f289d66bb17ead3ab3dede74b292", size = 9524 },
]

[[package]]
name = "certifi"
version = "2024.12.14"
source = { registry = "https://pypi.org/simple" }
sdist = { url = "https://files.pythonhosted.org/packages/0f/bd/1d41ee578ce09523c81a15426705dd20969f5abf006d1afe8aeff0dd776a/certifi-2024.12.14.tar.gz", hash = "sha256:b650d30f370c2b724812bee08008be0c4163b163ddaec3f2546c1caf65f191db", size = 166010 }
wheels = [
    { url = "https://files.pythonhosted.org/packages/a5/32/8f6669fc4798494966bf446c8c4a162e0b5d893dff088afddf76414f70e1/certifi-2024.12.14-py3-none-any.whl", hash = "sha256:1275f7a45be9464efc1173084eaa30f866fe2e47d389406136d332ed4967ec56", size = 164927 },
]

[[package]]
name = "charset-normalizer"
version = "3.4.1"
source = { registry = "https://pypi.org/simple" }
sdist = { url = "https://files.pythonhosted.org/packages/16/b0/572805e227f01586461c80e0fd25d65a2115599cc9dad142fee4b747c357/charset_normalizer-3.4.1.tar.gz", hash = "sha256:44251f18cd68a75b56585dd00dae26183e102cd5e0f9f1466e6df5da2ed64ea3", size = 123188 }
wheels = [
    { url = "https://files.pythonhosted.org/packages/38/94/ce8e6f63d18049672c76d07d119304e1e2d7c6098f0841b51c666e9f44a0/charset_normalizer-3.4.1-cp313-cp313-macosx_10_13_universal2.whl", hash = "sha256:aabfa34badd18f1da5ec1bc2715cadc8dca465868a4e73a0173466b688f29dda", size = 195698 },
    { url = "https://files.pythonhosted.org/packages/24/2e/dfdd9770664aae179a96561cc6952ff08f9a8cd09a908f259a9dfa063568/charset_normalizer-3.4.1-cp313-cp313-manylinux_2_17_aarch64.manylinux2014_aarch64.whl", hash = "sha256:22e14b5d70560b8dd51ec22863f370d1e595ac3d024cb8ad7d308b4cd95f8313", size = 140162 },
    { url = "https://files.pythonhosted.org/packages/24/4e/f646b9093cff8fc86f2d60af2de4dc17c759de9d554f130b140ea4738ca6/charset_normalizer-3.4.1-cp313-cp313-manylinux_2_17_ppc64le.manylinux2014_ppc64le.whl", hash = "sha256:8436c508b408b82d87dc5f62496973a1805cd46727c34440b0d29d8a2f50a6c9", size = 150263 },
    { url = "https://files.pythonhosted.org/packages/5e/67/2937f8d548c3ef6e2f9aab0f6e21001056f692d43282b165e7c56023e6dd/charset_normalizer-3.4.1-cp313-cp313-manylinux_2_17_s390x.manylinux2014_s390x.whl", hash = "sha256:2d074908e1aecee37a7635990b2c6d504cd4766c7bc9fc86d63f9c09af3fa11b", size = 142966 },
    { url = "https://files.pythonhosted.org/packages/52/ed/b7f4f07de100bdb95c1756d3a4d17b90c1a3c53715c1a476f8738058e0fa/charset_normalizer-3.4.1-cp313-cp313-manylinux_2_17_x86_64.manylinux2014_x86_64.whl", hash = "sha256:955f8851919303c92343d2f66165294848d57e9bba6cf6e3625485a70a038d11", size = 144992 },
    { url = "https://files.pythonhosted.org/packages/96/2c/d49710a6dbcd3776265f4c923bb73ebe83933dfbaa841c5da850fe0fd20b/charset_normalizer-3.4.1-cp313-cp313-manylinux_2_5_i686.manylinux1_i686.manylinux_2_17_i686.manylinux2014_i686.whl", hash = "sha256:44ecbf16649486d4aebafeaa7ec4c9fed8b88101f4dd612dcaf65d5e815f837f", size = 147162 },
    { url = "https://files.pythonhosted.org/packages/b4/41/35ff1f9a6bd380303dea55e44c4933b4cc3c4850988927d4082ada230273/charset_normalizer-3.4.1-cp313-cp313-musllinux_1_2_aarch64.whl", hash = "sha256:0924e81d3d5e70f8126529951dac65c1010cdf117bb75eb02dd12339b57749dd", size = 140972 },
    { url = "https://files.pythonhosted.org/packages/fb/43/c6a0b685fe6910d08ba971f62cd9c3e862a85770395ba5d9cad4fede33ab/charset_normalizer-3.4.1-cp313-cp313-musllinux_1_2_i686.whl", hash = "sha256:2967f74ad52c3b98de4c3b32e1a44e32975e008a9cd2a8cc8966d6a5218c5cb2", size = 149095 },
    { url = "https://files.pythonhosted.org/packages/4c/ff/a9a504662452e2d2878512115638966e75633519ec11f25fca3d2049a94a/charset_normalizer-3.4.1-cp313-cp313-musllinux_1_2_ppc64le.whl", hash = "sha256:c75cb2a3e389853835e84a2d8fb2b81a10645b503eca9bcb98df6b5a43eb8886", size = 152668 },
    { url = "https://files.pythonhosted.org/packages/6c/71/189996b6d9a4b932564701628af5cee6716733e9165af1d5e1b285c530ed/charset_normalizer-3.4.1-cp313-cp313-musllinux_1_2_s390x.whl", hash = "sha256:09b26ae6b1abf0d27570633b2b078a2a20419c99d66fb2823173d73f188ce601", size = 150073 },
    { url = "https://files.pythonhosted.org/packages/e4/93/946a86ce20790e11312c87c75ba68d5f6ad2208cfb52b2d6a2c32840d922/charset_normalizer-3.4.1-cp313-cp313-musllinux_1_2_x86_64.whl", hash = "sha256:fa88b843d6e211393a37219e6a1c1df99d35e8fd90446f1118f4216e307e48cd", size = 145732 },
    { url = "https://files.pythonhosted.org/packages/cd/e5/131d2fb1b0dddafc37be4f3a2fa79aa4c037368be9423061dccadfd90091/charset_normalizer-3.4.1-cp313-cp313-win32.whl", hash = "sha256:eb8178fe3dba6450a3e024e95ac49ed3400e506fd4e9e5c32d30adda88cbd407", size = 95391 },
    { url = "https://files.pythonhosted.org/packages/27/f2/4f9a69cc7712b9b5ad8fdb87039fd89abba997ad5cbe690d1835d40405b0/charset_normalizer-3.4.1-cp313-cp313-win_amd64.whl", hash = "sha256:b1ac5992a838106edb89654e0aebfc24f5848ae2547d22c2c3f66454daa11971", size = 102702 },
    { url = "https://files.pythonhosted.org/packages/0e/f6/65ecc6878a89bb1c23a086ea335ad4bf21a588990c3f535a227b9eea9108/charset_normalizer-3.4.1-py3-none-any.whl", hash = "sha256:d98b1668f06378c6dbefec3b92299716b931cd4e6061f3c875a71ced1780ab85", size = 49767 },
]

[[package]]
name = "google-api-core"
version = "2.24.0"
source = { registry = "https://pypi.org/simple" }
dependencies = [
    { name = "google-auth" },
    { name = "googleapis-common-protos" },
    { name = "proto-plus" },
    { name = "protobuf" },
    { name = "requests" },
]
sdist = { url = "https://files.pythonhosted.org/packages/81/56/d70d66ed1b5ab5f6c27bf80ec889585ad8f865ff32acbafd3b2ef0bfb5d0/google_api_core-2.24.0.tar.gz", hash = "sha256:e255640547a597a4da010876d333208ddac417d60add22b6851a0c66a831fcaf", size = 162647 }
wheels = [
    { url = "https://files.pythonhosted.org/packages/a1/76/65b8b94e74bf1b6d1cc38d916089670c4da5029d25762441d8c5c19e51dd/google_api_core-2.24.0-py3-none-any.whl", hash = "sha256:10d82ac0fca69c82a25b3efdeefccf6f28e02ebb97925a8cce8edbfe379929d9", size = 158576 },
]

[[package]]
name = "google-auth"
version = "2.37.0"
source = { registry = "https://pypi.org/simple" }
dependencies = [
    { name = "cachetools" },
    { name = "pyasn1-modules" },
    { name = "rsa" },
]
sdist = { url = "https://files.pythonhosted.org/packages/46/af/b25763b9d35dfc2c6f9c3ec34d8d3f1ba760af3a7b7e8d5c5f0579522c45/google_auth-2.37.0.tar.gz", hash = "sha256:0054623abf1f9c83492c63d3f47e77f0a544caa3d40b2d98e099a611c2dd5d00", size = 268878 }
wheels = [
    { url = "https://files.pythonhosted.org/packages/8d/8d/4d5d5f9f500499f7bd4c93903b43e8d6976f3fc6f064637ded1a85d09b07/google_auth-2.37.0-py2.py3-none-any.whl", hash = "sha256:42664f18290a6be591be5329a96fe30184be1a1badb7292a7f686a9659de9ca0", size = 209829 },
]

[[package]]
name = "google-cloud-core"
version = "2.4.1"
source = { registry = "https://pypi.org/simple" }
dependencies = [
    { name = "google-api-core" },
    { name = "google-auth" },
]
sdist = { url = "https://files.pythonhosted.org/packages/b8/1f/9d1e0ba6919668608570418a9a51e47070ac15aeff64261fb092d8be94c0/google-cloud-core-2.4.1.tar.gz", hash = "sha256:9b7749272a812bde58fff28868d0c5e2f585b82f37e09a1f6ed2d4d10f134073", size = 35587 }
wheels = [
    { url = "https://files.pythonhosted.org/packages/5e/0f/2e2061e3fbcb9d535d5da3f58cc8de4947df1786fe6a1355960feb05a681/google_cloud_core-2.4.1-py2.py3-none-any.whl", hash = "sha256:a9e6a4422b9ac5c29f79a0ede9485473338e2ce78d91f2370c01e730eab22e61", size = 29233 },
]

[[package]]
name = "google-cloud-storage"
version = "2.19.0"
source = { registry = "https://pypi.org/simple" }
dependencies = [
    { name = "google-api-core" },
    { name = "google-auth" },
    { name = "google-cloud-core" },
    { name = "google-crc32c" },
    { name = "google-resumable-media" },
    { name = "requests" },
]
sdist = { url = "https://files.pythonhosted.org/packages/36/76/4d965702e96bb67976e755bed9828fa50306dca003dbee08b67f41dd265e/google_cloud_storage-2.19.0.tar.gz", hash = "sha256:cd05e9e7191ba6cb68934d8eb76054d9be4562aa89dbc4236feee4d7d51342b2", size = 5535488 }
wheels = [
    { url = "https://files.pythonhosted.org/packages/d5/94/6db383d8ee1adf45dc6c73477152b82731fa4c4a46d9c1932cc8757e0fd4/google_cloud_storage-2.19.0-py2.py3-none-any.whl", hash = "sha256:aeb971b5c29cf8ab98445082cbfe7b161a1f48ed275822f59ed3f1524ea54fba", size = 131787 },
]

[[package]]
name = "google-crc32c"
version = "1.6.0"
source = { registry = "https://pypi.org/simple" }
sdist = { url = "https://files.pythonhosted.org/packages/67/72/c3298da1a3773102359c5a78f20dae8925f5ea876e37354415f68594a6fb/google_crc32c-1.6.0.tar.gz", hash = "sha256:6eceb6ad197656a1ff49ebfbbfa870678c75be4344feb35ac1edf694309413dc", size = 14472 }

[[package]]
name = "google-resumable-media"
version = "2.7.2"
source = { registry = "https://pypi.org/simple" }
dependencies = [
    { name = "google-crc32c" },
]
sdist = { url = "https://files.pythonhosted.org/packages/58/5a/0efdc02665dca14e0837b62c8a1a93132c264bd02054a15abb2218afe0ae/google_resumable_media-2.7.2.tar.gz", hash = "sha256:5280aed4629f2b60b847b0d42f9857fd4935c11af266744df33d8074cae92fe0", size = 2163099 }
wheels = [
    { url = "https://files.pythonhosted.org/packages/82/35/b8d3baf8c46695858cb9d8835a53baa1eeb9906ddaf2f728a5f5b640fd1e/google_resumable_media-2.7.2-py2.py3-none-any.whl", hash = "sha256:3ce7551e9fe6d99e9a126101d2536612bb73486721951e9562fee0f90c6ababa", size = 81251 },
]

[[package]]
name = "googleapis-common-protos"
version = "1.66.0"
source = { registry = "https://pypi.org/simple" }
dependencies = [
    { name = "protobuf" },
]
sdist = { url = "https://files.pythonhosted.org/packages/ff/a7/8e9cccdb1c49870de6faea2a2764fa23f627dd290633103540209f03524c/googleapis_common_protos-1.66.0.tar.gz", hash = "sha256:c3e7b33d15fdca5374cc0a7346dd92ffa847425cc4ea941d970f13680052ec8c", size = 114376 }
wheels = [
    { url = "https://files.pythonhosted.org/packages/a0/0f/c0713fb2b3d28af4b2fded3291df1c4d4f79a00d15c2374a9e010870016c/googleapis_common_protos-1.66.0-py2.py3-none-any.whl", hash = "sha256:d7abcd75fabb2e0ec9f74466401f6c119a0b498e27370e9be4c94cb7e382b8ed", size = 221682 },
]

[[package]]
name = "idna"
version = "3.10"
source = { registry = "https://pypi.org/simple" }
sdist = { url = "https://files.pythonhosted.org/packages/f1/70/7703c29685631f5a7590aa73f1f1d3fa9a380e654b86af429e0934a32f7d/idna-3.10.tar.gz", hash = "sha256:12f65c9b470abda6dc35cf8e63cc574b1c52b11df2c86030af0ac09b01b13ea9", size = 190490 }
wheels = [
    { url = "https://files.pythonhosted.org/packages/76/c6/c88e154df9c4e1a2a66ccf0005a88dfb2650c1dffb6f5ce603dfbd452ce3/idna-3.10-py3-none-any.whl", hash = "sha256:946d195a0d259cbba61165e88e65941f16e9b36ea6ddb97f00452bae8b1287d3", size = 70442 },
]

[[package]]
name = "mypy"
version = "1.14.1"
source = { registry = "https://pypi.org/simple" }
dependencies = [
    { name = "mypy-extensions" },
    { name = "typing-extensions" },
]
sdist = { url = "https://files.pythonhosted.org/packages/b9/eb/2c92d8ea1e684440f54fa49ac5d9a5f19967b7b472a281f419e69a8d228e/mypy-1.14.1.tar.gz", hash = "sha256:7ec88144fe9b510e8475ec2f5f251992690fcf89ccb4500b214b4226abcd32d6", size = 3216051 }
wheels = [
    { url = "https://files.pythonhosted.org/packages/9e/15/bb6a686901f59222275ab228453de741185f9d54fecbaacec041679496c6/mypy-1.14.1-cp313-cp313-macosx_10_13_x86_64.whl", hash = "sha256:92c3ed5afb06c3a8e188cb5da4984cab9ec9a77ba956ee419c68a388b4595255", size = 11252097 },
    { url = "https://files.pythonhosted.org/packages/f8/b3/8b0f74dfd072c802b7fa368829defdf3ee1566ba74c32a2cb2403f68024c/mypy-1.14.1-cp313-cp313-macosx_11_0_arm64.whl", hash = "sha256:dbec574648b3e25f43d23577309b16534431db4ddc09fda50841f1e34e64ed34", size = 10239728 },
    { url = "https://files.pythonhosted.org/packages/c5/9b/4fd95ab20c52bb5b8c03cc49169be5905d931de17edfe4d9d2986800b52e/mypy-1.14.1-cp313-cp313-manylinux_2_17_aarch64.manylinux2014_aarch64.manylinux_2_28_aarch64.whl", hash = "sha256:8c6d94b16d62eb3e947281aa7347d78236688e21081f11de976376cf010eb31a", size = 11924965 },
    { url = "https://files.pythonhosted.org/packages/56/9d/4a236b9c57f5d8f08ed346914b3f091a62dd7e19336b2b2a0d85485f82ff/mypy-1.14.1-cp313-cp313-manylinux_2_17_x86_64.manylinux2014_x86_64.manylinux_2_28_x86_64.whl", hash = "sha256:d4b19b03fdf54f3c5b2fa474c56b4c13c9dbfb9a2db4370ede7ec11a2c5927d9", size = 12867660 },
    { url = "https://files.pythonhosted.org/packages/40/88/a61a5497e2f68d9027de2bb139c7bb9abaeb1be1584649fa9d807f80a338/mypy-1.14.1-cp313-cp313-musllinux_1_2_x86_64.whl", hash = "sha256:0c911fde686394753fff899c409fd4e16e9b294c24bfd5e1ea4675deae1ac6fd", size = 12969198 },
    { url = "https://files.pythonhosted.org/packages/54/da/3d6fc5d92d324701b0c23fb413c853892bfe0e1dbe06c9138037d459756b/mypy-1.14.1-cp313-cp313-win_amd64.whl", hash = "sha256:8b21525cb51671219f5307be85f7e646a153e5acc656e5cebf64bfa076c50107", size = 9885276 },
    { url = "https://files.pythonhosted.org/packages/a0/b5/32dd67b69a16d088e533962e5044e51004176a9952419de0370cdaead0f8/mypy-1.14.1-py3-none-any.whl", hash = "sha256:b66a60cc4073aeb8ae00057f9c1f64d49e90f918fbcef9a977eb121da8b8f1d1", size = 2752905 },
]

[[package]]
name = "mypy-extensions"
version = "1.0.0"
source = { registry = "https://pypi.org/simple" }
sdist = { url = "https://files.pythonhosted.org/packages/98/a4/1ab47638b92648243faf97a5aeb6ea83059cc3624972ab6b8d2316078d3f/mypy_extensions-1.0.0.tar.gz", hash = "sha256:75dbf8955dc00442a438fc4d0666508a9a97b6bd41aa2f0ffe9d2f2725af0782", size = 4433 }
wheels = [
    { url = "https://files.pythonhosted.org/packages/2a/e2/5d3f6ada4297caebe1a2add3b126fe800c96f56dbe5d1988a2cbe0b267aa/mypy_extensions-1.0.0-py3-none-any.whl", hash = "sha256:4392f6c0eb8a5668a69e23d168ffa70f0be9ccfd32b5cc2d26a34ae5b844552d", size = 4695 },
]

[[package]]
name = "proto-plus"
version = "1.25.0"
source = { registry = "https://pypi.org/simple" }
dependencies = [
    { name = "protobuf" },
]
sdist = { url = "https://files.pythonhosted.org/packages/7e/05/74417b2061e1bf1b82776037cad97094228fa1c1b6e82d08a78d3fb6ddb6/proto_plus-1.25.0.tar.gz", hash = "sha256:fbb17f57f7bd05a68b7707e745e26528b0b3c34e378db91eef93912c54982d91", size = 56124 }
wheels = [
    { url = "https://files.pythonhosted.org/packages/dd/25/0b7cc838ae3d76d46539020ec39fc92bfc9acc29367e58fe912702c2a79e/proto_plus-1.25.0-py3-none-any.whl", hash = "sha256:c91fc4a65074ade8e458e95ef8bac34d4008daa7cce4a12d6707066fca648961", size = 50126 },
]

[[package]]
name = "protobuf"
version = "5.29.2"
source = { registry = "https://pypi.org/simple" }
sdist = { url = "https://files.pythonhosted.org/packages/a5/73/4e6295c1420a9d20c9c351db3a36109b4c9aa601916cb7c6871e3196a1ca/protobuf-5.29.2.tar.gz", hash = "sha256:b2cc8e8bb7c9326996f0e160137b0861f1a82162502658df2951209d0cb0309e", size = 424901 }
wheels = [
    { url = "https://files.pythonhosted.org/packages/f3/42/6db5387124708d619ffb990a846fb123bee546f52868039f8fa964c5bc54/protobuf-5.29.2-cp310-abi3-win32.whl", hash = "sha256:c12ba8249f5624300cf51c3d0bfe5be71a60c63e4dcf51ffe9a68771d958c851", size = 422697 },
    { url = "https://files.pythonhosted.org/packages/6c/38/2fcc968b377b531882d6ab2ac99b10ca6d00108394f6ff57c2395fb7baff/protobuf-5.29.2-cp310-abi3-win_amd64.whl", hash = "sha256:842de6d9241134a973aab719ab42b008a18a90f9f07f06ba480df268f86432f9", size = 434495 },
    { url = "https://files.pythonhosted.org/packages/cb/26/41debe0f6615fcb7e97672057524687ed86fcd85e3da3f031c30af8f0c51/protobuf-5.29.2-cp38-abi3-macosx_10_9_universal2.whl", hash = "sha256:a0c53d78383c851bfa97eb42e3703aefdc96d2036a41482ffd55dc5f529466eb", size = 417812 },
    { url = "https://files.pythonhosted.org/packages/e4/20/38fc33b60dcfb380507b99494aebe8c34b68b8ac7d32808c4cebda3f6f6b/protobuf-5.29.2-cp38-abi3-manylinux2014_aarch64.whl", hash = "sha256:494229ecd8c9009dd71eda5fd57528395d1eacdf307dbece6c12ad0dd09e912e", size = 319562 },
    { url = "https://files.pythonhosted.org/packages/90/4d/c3d61e698e0e41d926dbff6aa4e57428ab1a6fc3b5e1deaa6c9ec0fd45cf/protobuf-5.29.2-cp38-abi3-manylinux2014_x86_64.whl", hash = "sha256:b6b0d416bbbb9d4fbf9d0561dbfc4e324fd522f61f7af0fe0f282ab67b22477e", size = 319662 },
    { url = "https://files.pythonhosted.org/packages/f3/fd/c7924b4c2a1c61b8f4b64edd7a31ffacf63432135a2606f03a2f0d75a750/protobuf-5.29.2-py3-none-any.whl", hash = "sha256:fde4554c0e578a5a0bcc9a276339594848d1e89f9ea47b4427c80e5d72f90181", size = 172539 },
]

[[package]]
name = "pyasn1"
version = "0.6.1"
source = { registry = "https://pypi.org/simple" }
sdist = { url = "https://files.pythonhosted.org/packages/ba/e9/01f1a64245b89f039897cb0130016d79f77d52669aae6ee7b159a6c4c018/pyasn1-0.6.1.tar.gz", hash = "sha256:6f580d2bdd84365380830acf45550f2511469f673cb4a5ae3857a3170128b034", size = 145322 }
wheels = [
    { url = "https://files.pythonhosted.org/packages/c8/f1/d6a797abb14f6283c0ddff96bbdd46937f64122b8c925cab503dd37f8214/pyasn1-0.6.1-py3-none-any.whl", hash = "sha256:0d632f46f2ba09143da3a8afe9e33fb6f92fa2320ab7e886e2d0f7672af84629", size = 83135 },
]

[[package]]
name = "pyasn1-modules"
version = "0.4.1"
source = { registry = "https://pypi.org/simple" }
dependencies = [
    { name = "pyasn1" },
]
sdist = { url = "https://files.pythonhosted.org/packages/1d/67/6afbf0d507f73c32d21084a79946bfcfca5fbc62a72057e9c23797a737c9/pyasn1_modules-0.4.1.tar.gz", hash = "sha256:c28e2dbf9c06ad61c71a075c7e0f9fd0f1b0bb2d2ad4377f240d33ac2ab60a7c", size = 310028 }
wheels = [
    { url = "https://files.pythonhosted.org/packages/77/89/bc88a6711935ba795a679ea6ebee07e128050d6382eaa35a0a47c8032bdc/pyasn1_modules-0.4.1-py3-none-any.whl", hash = "sha256:49bfa96b45a292b711e986f222502c1c9a5e1f4e568fc30e2574a6c7d07838fd", size = 181537 },
]

[[package]]
name = "python-dotenv"
version = "1.0.1"
source = { registry = "https://pypi.org/simple" }
sdist = { url = "https://files.pythonhosted.org/packages/bc/57/e84d88dfe0aec03b7a2d4327012c1627ab5f03652216c63d49846d7a6c58/python-dotenv-1.0.1.tar.gz", hash = "sha256:e324ee90a023d808f1959c46bcbc04446a10ced277783dc6ee09987c37ec10ca", size = 39115 }
wheels = [
    { url = "https://files.pythonhosted.org/packages/6a/3e/b68c118422ec867fa7ab88444e1274aa40681c606d59ac27de5a5588f082/python_dotenv-1.0.1-py3-none-any.whl", hash = "sha256:f7b63ef50f1b690dddf550d03497b66d609393b40b564ed0d674909a68ebf16a", size = 19863 },
]

[[package]]
name = "requests"
version = "2.32.3"
source = { registry = "https://pypi.org/simple" }
dependencies = [
    { name = "certifi" },
    { name = "charset-normalizer" },
    { name = "idna" },
    { name = "urllib3" },
]
sdist = { url = "https://files.pythonhosted.org/packages/63/70/2bf7780ad2d390a8d301ad0b550f1581eadbd9a20f896afe06353c2a2913/requests-2.32.3.tar.gz", hash = "sha256:55365417734eb18255590a9ff9eb97e9e1da868d4ccd6402399eaf68af20a760", size = 131218 }
wheels = [
    { url = "https://files.pythonhosted.org/packages/f9/9b/335f9764261e915ed497fcdeb11df5dfd6f7bf257d4a6a2a686d80da4d54/requests-2.32.3-py3-none-any.whl", hash = "sha256:70761cfe03c773ceb22aa2f671b4757976145175cdfca038c02654d061d6dcc6", size = 64928 },
]

[[package]]
name = "rsa"
version = "4.9"
source = { registry = "https://pypi.org/simple" }
dependencies = [
    { name = "pyasn1" },
]
sdist = { url = "https://files.pythonhosted.org/packages/aa/65/7d973b89c4d2351d7fb232c2e452547ddfa243e93131e7cfa766da627b52/rsa-4.9.tar.gz", hash = "sha256:e38464a49c6c85d7f1351b0126661487a7e0a14a50f1675ec50eb34d4f20ef21", size = 29711 }
wheels = [
    { url = "https://files.pythonhosted.org/packages/49/97/fa78e3d2f65c02c8e1268b9aba606569fe97f6c8f7c2d74394553347c145/rsa-4.9-py3-none-any.whl", hash = "sha256:90260d9058e514786967344d0ef75fa8727eed8a7d2e43ce9f4bcf1b536174f7", size = 34315 },
]

[[package]]
name = "ruff"
version = "0.8.5"
source = { registry = "https://pypi.org/simple" }
sdist = { url = "https://files.pythonhosted.org/packages/25/5d/4b5403f3e89837decfd54c51bea7f94b7d3fae77e08858603d0e04d7ad17/ruff-0.8.5.tar.gz", hash = "sha256:1098d36f69831f7ff2a1da3e6407d5fbd6dfa2559e4f74ff2d260c5588900317", size = 3454835 }
wheels = [
    { url = "https://files.pythonhosted.org/packages/73/f8/03391745a703ce11678eb37c48ae89ec60396ea821e9d0bcea7c8e88fd91/ruff-0.8.5-py3-none-linux_armv6l.whl", hash = "sha256:5ad11a5e3868a73ca1fa4727fe7e33735ea78b416313f4368c504dbeb69c0f88", size = 10626889 },
    { url = "https://files.pythonhosted.org/packages/55/74/83bb74a44183b904216f3edfb9995b89830c83aaa6ce84627f74da0e0cf8/ruff-0.8.5-py3-none-macosx_10_12_x86_64.whl", hash = "sha256:f69ab37771ea7e0715fead8624ec42996d101269a96e31f4d31be6fc33aa19b7", size = 10398233 },
    { url = "https://files.pythonhosted.org/packages/e8/7a/a162a4feb3ef85d594527165e366dde09d7a1e534186ff4ba5d127eda850/ruff-0.8.5-py3-none-macosx_11_0_arm64.whl", hash = "sha256:b5462d7804558ccff9c08fe8cbf6c14b7efe67404316696a2dde48297b1925bb", size = 10001843 },
    { url = "https://files.pythonhosted.org/packages/e7/9f/5ee5dcd135411402e35b6ec6a8dfdadbd31c5cd1c36a624d356a38d76090/ruff-0.8.5-py3-none-manylinux_2_17_aarch64.manylinux2014_aarch64.whl", hash = "sha256:d56de7220a35607f9fe59f8a6d018e14504f7b71d784d980835e20fc0611cd50", size = 10872507 },
    { url = "https://files.pythonhosted.org/packages/b6/67/db2df2dd4a34b602d7f6ebb1b3744c8157f0d3579973ffc58309c9c272e8/ruff-0.8.5-py3-none-manylinux_2_17_armv7l.manylinux2014_armv7l.whl", hash = "sha256:9d99cf80b0429cbebf31cbbf6f24f05a29706f0437c40413d950e67e2d4faca4", size = 10377200 },
    { url = "https://files.pythonhosted.org/packages/fe/ff/fe3a6a73006bced73e60d171d154a82430f61d97e787f511a24bd6302611/ruff-0.8.5-py3-none-manylinux_2_17_i686.manylinux2014_i686.whl", hash = "sha256:7b75ac29715ac60d554a049dbb0ef3b55259076181c3369d79466cb130eb5afd", size = 11433155 },
    { url = "https://files.pythonhosted.org/packages/e3/95/c1d1a1fe36658c1f3e1b47e1cd5f688b72d5786695b9e621c2c38399a95e/ruff-0.8.5-py3-none-manylinux_2_17_ppc64.manylinux2014_ppc64.whl", hash = "sha256:c9d526a62c9eda211b38463528768fd0ada25dad524cb33c0e99fcff1c67b5dc", size = 12139227 },
    { url = "https://files.pythonhosted.org/packages/1b/fe/644b70d473a27b5112ac7a3428edcc1ce0db775c301ff11aa146f71886e0/ruff-0.8.5-py3-none-manylinux_2_17_ppc64le.manylinux2014_ppc64le.whl", hash = "sha256:587c5e95007612c26509f30acc506c874dab4c4abbacd0357400bd1aa799931b", size = 11697941 },
    { url = "https://files.pythonhosted.org/packages/00/39/4f83e517ec173e16a47c6d102cd22a1aaebe80e1208a1f2e83ab9a0e4134/ruff-0.8.5-py3-none-manylinux_2_17_s390x.manylinux2014_s390x.whl", hash = "sha256:622b82bf3429ff0e346835ec213aec0a04d9730480cbffbb6ad9372014e31bbd", size = 12967686 },
    { url = "https://files.pythonhosted.org/packages/1a/f6/52a2973ff108d74b5da706a573379eea160bece098f7cfa3f35dc4622710/ruff-0.8.5-py3-none-manylinux_2_17_x86_64.manylinux2014_x86_64.whl", hash = "sha256:f99be814d77a5dac8a8957104bdd8c359e85c86b0ee0e38dca447cb1095f70fb", size = 11253788 },
    { url = "https://files.pythonhosted.org/packages/ce/1f/3b30f3c65b1303cb8e268ec3b046b77ab21ed8e26921cfc7e8232aa57f2c/ruff-0.8.5-py3-none-musllinux_1_2_aarch64.whl", hash = "sha256:c01c048f9c3385e0fd7822ad0fd519afb282af9cf1778f3580e540629df89725", size = 10860360 },
    { url = "https://files.pythonhosted.org/packages/a5/a8/2a3ea6bacead963f7aeeba0c61815d9b27b0d638e6a74984aa5cc5d27733/ruff-0.8.5-py3-none-musllinux_1_2_armv7l.whl", hash = "sha256:7512e8cb038db7f5db6aae0e24735ff9ea03bb0ed6ae2ce534e9baa23c1dc9ea", size = 10457922 },
    { url = "https://files.pythonhosted.org/packages/17/47/8f9514b670969aab57c5fc826fb500a16aee8feac1bcf8a91358f153a5ba/ruff-0.8.5-py3-none-musllinux_1_2_i686.whl", hash = "sha256:762f113232acd5b768d6b875d16aad6b00082add40ec91c927f0673a8ec4ede8", size = 10958347 },
    { url = "https://files.pythonhosted.org/packages/0d/d6/78a9af8209ad99541816d74f01ce678fc01ebb3f37dd7ab8966646dcd92b/ruff-0.8.5-py3-none-musllinux_1_2_x86_64.whl", hash = "sha256:03a90200c5dfff49e4c967b405f27fdfa81594cbb7c5ff5609e42d7fe9680da5", size = 11328882 },
    { url = "https://files.pythonhosted.org/packages/54/77/5c8072ec7afdfdf42c7a4019044486a2b6c85ee73617f8875ec94b977fed/ruff-0.8.5-py3-none-win32.whl", hash = "sha256:8710ffd57bdaa6690cbf6ecff19884b8629ec2a2a2a2f783aa94b1cc795139ed", size = 8802515 },
    { url = "https://files.pythonhosted.org/packages/bc/b6/47d2b06784de8ae992c45cceb2a30f3f205b3236a629d7ca4c0c134839a2/ruff-0.8.5-py3-none-win_amd64.whl", hash = "sha256:4020d8bf8d3a32325c77af452a9976a9ad6455773bcb94991cf15bd66b347e47", size = 9684231 },
    { url = "https://files.pythonhosted.org/packages/bf/5e/ffee22bf9f9e4b2669d1f0179ae8804584939fb6502b51f2401e26b1e028/ruff-0.8.5-py3-none-win_arm64.whl", hash = "sha256:134ae019ef13e1b060ab7136e7828a6d83ea727ba123381307eb37c6bd5e01cb", size = 9124741 },
]

[[package]]
name = "shop-catalog-tools"
version = "0.1.0"
source = { virtual = "." }
dependencies = [
    { name = "asyncer" },
    { name = "google-cloud-storage" },
    { name = "python-dotenv" },
]

[package.dev-dependencies]
dev = [
    { name = "mypy" },
    { name = "ruff" },
]

[package.metadata]
requires-dist = [
    { name = "asyncer", specifier = ">=0.0.8" },
    { name = "google-cloud-storage", specifier = ">=2.19.0" },
    { name = "python-dotenv", specifier = ">=1.0.1" },
]

[package.metadata.requires-dev]
dev = [
    { name = "mypy", specifier = ">=1.14.1" },
    { name = "ruff", specifier = ">=0.8.5" },
]

[[package]]
name = "sniffio"
version = "1.3.1"
source = { registry = "https://pypi.org/simple" }
sdist = { url = "https://files.pythonhosted.org/packages/a2/87/a6771e1546d97e7e041b6ae58d80074f81b7d5121207425c964ddf5cfdbd/sniffio-1.3.1.tar.gz", hash = "sha256:f4324edc670a0f49750a81b895f35c3adb843cca46f0530f79fc1babb23789dc", size = 20372 }
wheels = [
    { url = "https://files.pythonhosted.org/packages/e9/44/75a9c9421471a6c4805dbf2356f7c181a29c1879239abab1ea2cc8f38b40/sniffio-1.3.1-py3-none-any.whl", hash = "sha256:2f6da418d1f1e0fddd844478f41680e794e6051915791a034ff65e5f100525a2", size = 10235 },
]

[[package]]
name = "typing-extensions"
version = "4.12.2"
source = { registry = "https://pypi.org/simple" }
sdist = { url = "https://files.pythonhosted.org/packages/df/db/f35a00659bc03fec321ba8bce9420de607a1d37f8342eee1863174c69557/typing_extensions-4.12.2.tar.gz", hash = "sha256:1a7ead55c7e559dd4dee8856e3a88b41225abfe1ce8df57b7c13915fe121ffb8", size = 85321 }
wheels = [
    { url = "https://files.pythonhosted.org/packages/26/9f/ad63fc0248c5379346306f8668cda6e2e2e9c95e01216d2b8ffd9ff037d0/typing_extensions-4.12.2-py3-none-any.whl", hash = "sha256:04e5ca0351e0f3f85c6853954072df659d0d13fac324d0072316b67d7794700d", size = 37438 },
]

[[package]]
name = "urllib3"
version = "2.3.0"
source = { registry = "https://pypi.org/simple" }
sdist = { url = "https://files.pythonhosted.org/packages/aa/63/e53da845320b757bf29ef6a9062f5c669fe997973f966045cb019c3f4b66/urllib3-2.3.0.tar.gz", hash = "sha256:f8c5449b3cf0861679ce7e0503c7b44b5ec981bec0d1d3795a07f1ba96f0204d", size = 307268 }
wheels = [
    { url = "https://files.pythonhosted.org/packages/c8/19/4ec628951a74043532ca2cf5d97b7b14863931476d117c471e8e2b1eb39f/urllib3-2.3.0-py3-none-any.whl", hash = "sha256:1cee9ad369867bfdbbb48b7dd50374c0967a0bb7710050facf0dd6911440e3df", size = 128369 },
]
